
Microsoft Visual Studio Solution File, Format Version 12.00
Project("{FAE04EC0-301F-11D3-BF4B-00C04F79EFBC}") = "BadBot.Processor", "BadBot.Processor\BadBot.Processor.csproj", "{80D9EFFD-5373-49CF-B0A4-A42168EDD8D6}"
EndProject
Project("{FAE04EC0-301F-11D3-BF4B-00C04F79EFBC}") = "BadBot.Discord", "BadBot.Discord\BadBot.Discord.csproj", "{FB9BC3A3-9489-4845-8736-61553D543723}"
EndProject
Global
	GlobalSection(SolutionConfigurationPlatforms) = preSolution
		Debug|Any CPU = Debug|Any CPU
		Release|Any CPU = Release|Any CPU
	EndGlobalSection
	GlobalSection(ProjectConfigurationPlatforms) = postSolution
		{80D9EFFD-5373-49CF-B0A4-A42168EDD8D6}.Debug|Any CPU.ActiveCfg = Debug|Any CPU
		{80D9EFFD-5373-49CF-B0A4-A42168EDD8D6}.Debug|Any CPU.Build.0 = Debug|Any CPU
		{80D9EFFD-5373-49CF-B0A4-A42168EDD8D6}.Release|Any CPU.ActiveCfg = Release|Any CPU
		{80D9EFFD-5373-49CF-B0A4-A42168EDD8D6}.Release|Any CPU.Build.0 = Release|Any CPU
		{FB9BC3A3-9489-4845-8736-61553D543723}.Debug|Any CPU.ActiveCfg = Debug|Any CPU
		{FB9BC3A3-9489-4845-8736-61553D543723}.Debug|Any CPU.Build.0 = Debug|Any CPU
		{FB9BC3A3-9489-4845-8736-61553D543723}.Release|Any CPU.ActiveCfg = Release|Any CPU
		{FB9BC3A3-9489-4845-8736-61553D543723}.Release|Any CPU.Build.0 = Release|Any CPU
	EndGlobalSection
EndGlobal
